
Microsoft Visual Studio Solution File, Format Version 12.00
# Visual Studio Version 17
VisualStudioVersion = 17.14.36518.9 d17.14
MinimumVisualStudioVersion = 10.0.40219.1
Project("{FAE04EC0-301F-11D3-BF4B-00C04F79EFBC}") = "Jogos_Academicos", "Jogos_Academicos.csproj", "{2D4AFD14-837C-40E6-8E40-A0ED1465DFAD}"
EndProject
Global
	GlobalSection(SolutionConfigurationPlatforms) = preSolution
		Debug|Any CPU = Debug|Any CPU
		Release|Any CPU = Release|Any CPU
	EndGlobalSection
	GlobalSection(ProjectConfigurationPlatforms) = postSolution
		{2D4AFD14-837C-40E6-8E40-A0ED1465DFAD}.Debug|Any CPU.ActiveCfg = Debug|Any CPU
		{2D4AFD14-837C-40E6-8E40-A0ED1465DFAD}.Debug|Any CPU.Build.0 = Debug|Any CPU
		{2D4AFD14-837C-40E6-8E40-A0ED1465DFAD}.Release|Any CPU.ActiveCfg = Release|Any CPU
		{2D4AFD14-837C-40E6-8E40-A0ED1465DFAD}.Release|Any CPU.Build.0 = Release|Any CPU
	EndGlobalSection
	GlobalSection(SolutionProperties) = preSolution
		HideSolutionNode = FALSE
	EndGlobalSection
	GlobalSection(ExtensibilityGlobals) = postSolution
		SolutionGuid = {8059933A-7BF8-4067-B1D0-AA24157129D8}
	EndGlobalSection
EndGlobal
